
Microsoft Visual Studio Solution File, Format Version 12.00
# Visual Studio 15
VisualStudioVersion = 15.0.27130.2010
MinimumVisualStudioVersion = 10.0.40219.1
Project("{FAE04EC0-301F-11D3-BF4B-00C04F79EFBC}") = "Models", "Models\Models.csproj", "{52CCAF1D-0610-46CF-A50D-04CE80864534}"
EndProject
Project("{9A19103F-16F7-4668-BE54-9A1E7A4F7556}") = "PZhFrame.Data.DapperHelper", "PZhFrame.Data.DapperHelper\PZhFrame.Data.DapperHelper.csproj", "{3DB82841-BF01-4D42-BF44-FAAB73153927}"
EndProject
Project("{9A19103F-16F7-4668-BE54-9A1E7A4F7556}") = "PZhFrame.ModelLayer.BaseModels", "PZhFrame.ModelLayer.BaseModel\PZhFrame.ModelLayer.BaseModels.csproj", "{8A76C859-9779-4DE8-A753-4417FF310532}"
EndProject
Project("{FAE04EC0-301F-11D3-BF4B-00C04F79EFBC}") = "DemoService", "DemoService\DemoService.csproj", "{F7BCEED5-3222-46BB-B902-38998B35CC4C}"
EndProject
Project("{FAE04EC0-301F-11D3-BF4B-00C04F79EFBC}") = "DemoServeiceHost", "DemoServeiceHost\DemoServeiceHost.csproj", "{8236EC3A-1CFB-471A-97F3-84765871BEB1}"
EndProject
Global
	GlobalSection(SolutionConfigurationPlatforms) = preSolution
		Debug|Any CPU = Debug|Any CPU
		Release|Any CPU = Release|Any CPU
	EndGlobalSection
	GlobalSection(ProjectConfigurationPlatforms) = postSolution
		{52CCAF1D-0610-46CF-A50D-04CE80864534}.Debug|Any CPU.ActiveCfg = Debug|Any CPU
		{52CCAF1D-0610-46CF-A50D-04CE80864534}.Debug|Any CPU.Build.0 = Debug|Any CPU
		{52CCAF1D-0610-46CF-A50D-04CE80864534}.Release|Any CPU.ActiveCfg = Release|Any CPU
		{52CCAF1D-0610-46CF-A50D-04CE80864534}.Release|Any CPU.Build.0 = Release|Any CPU
		{3DB82841-BF01-4D42-BF44-FAAB73153927}.Debug|Any CPU.ActiveCfg = Debug|Any CPU
		{3DB82841-BF01-4D42-BF44-FAAB73153927}.Debug|Any CPU.Build.0 = Debug|Any CPU
		{3DB82841-BF01-4D42-BF44-FAAB73153927}.Release|Any CPU.ActiveCfg = Release|Any CPU
		{3DB82841-BF01-4D42-BF44-FAAB73153927}.Release|Any CPU.Build.0 = Release|Any CPU
		{8A76C859-9779-4DE8-A753-4417FF310532}.Debug|Any CPU.ActiveCfg = Debug|Any CPU
		{8A76C859-9779-4DE8-A753-4417FF310532}.Debug|Any CPU.Build.0 = Debug|Any CPU
		{8A76C859-9779-4DE8-A753-4417FF310532}.Release|Any CPU.ActiveCfg = Release|Any CPU
		{8A76C859-9779-4DE8-A753-4417FF310532}.Release|Any CPU.Build.0 = Release|Any CPU
		{F7BCEED5-3222-46BB-B902-38998B35CC4C}.Debug|Any CPU.ActiveCfg = Debug|Any CPU
		{F7BCEED5-3222-46BB-B902-38998B35CC4C}.Debug|Any CPU.Build.0 = Debug|Any CPU
		{F7BCEED5-3222-46BB-B902-38998B35CC4C}.Release|Any CPU.ActiveCfg = Release|Any CPU
		{F7BCEED5-3222-46BB-B902-38998B35CC4C}.Release|Any CPU.Build.0 = Release|Any CPU
		{8236EC3A-1CFB-471A-97F3-84765871BEB1}.Debug|Any CPU.ActiveCfg = Debug|Any CPU
		{8236EC3A-1CFB-471A-97F3-84765871BEB1}.Debug|Any CPU.Build.0 = Debug|Any CPU
		{8236EC3A-1CFB-471A-97F3-84765871BEB1}.Release|Any CPU.ActiveCfg = Release|Any CPU
		{8236EC3A-1CFB-471A-97F3-84765871BEB1}.Release|Any CPU.Build.0 = Release|Any CPU
	EndGlobalSection
	GlobalSection(SolutionProperties) = preSolution
		HideSolutionNode = FALSE
	EndGlobalSection
	GlobalSection(ExtensibilityGlobals) = postSolution
		SolutionGuid = {3C0E127E-1F99-4C7A-81CB-1F873FAB3985}
	EndGlobalSection
EndGlobal
